
Microsoft Visual Studio Solution File, Format Version 12.00
# Visual Studio Version 17
VisualStudioVersion = 17.8.34601.278
MinimumVisualStudioVersion = 10.0.40219.1
Project("{9A19103F-16F7-4668-BE54-9A1E7A4F7556}") = "WebApp-EasyAuth-DotNet", "WebApp-EasyAuth-DotNet.csproj", "{21DBD8A8-052C-4DB4-A6F5-2A516DC66FE5}"
EndProject
Global
	GlobalSection(SolutionConfigurationPlatforms) = preSolution
		Debug|Any CPU = Debug|Any CPU
		Release|Any CPU = Release|Any CPU
	EndGlobalSection
	GlobalSection(ProjectConfigurationPlatforms) = postSolution
		{21DBD8A8-052C-4DB4-A6F5-2A516DC66FE5}.Debug|Any CPU.ActiveCfg = Debug|Any CPU
		{21DBD8A8-052C-4DB4-A6F5-2A516DC66FE5}.Debug|Any CPU.Build.0 = Debug|Any CPU
		{21DBD8A8-052C-4DB4-A6F5-2A516DC66FE5}.Release|Any CPU.ActiveCfg = Release|Any CPU
		{21DBD8A8-052C-4DB4-A6F5-2A516DC66FE5}.Release|Any CPU.Build.0 = Release|Any CPU
	EndGlobalSection
	GlobalSection(SolutionProperties) = preSolution
		HideSolutionNode = FALSE
	EndGlobalSection
	GlobalSection(ExtensibilityGlobals) = postSolution
		SolutionGuid = {2A523F14-A877-48D8-B200-DB16A9F49D9F}
	EndGlobalSection
EndGlobal
