
Microsoft Visual Studio Solution File, Format Version 12.00
# Visual Studio Version 17
VisualStudioVersion = 17.8.34408.163
MinimumVisualStudioVersion = 10.0.40219.1
Project("{9A19103F-16F7-4668-BE54-9A1E7A4F7556}") = "WebApp-EasyAuth-DotNet", "WebApp-EasyAuth-DotNet.csproj", "{7A5A3952-0620-44FE-9CB6-84A2AE29861C}"
EndProject
Global
	GlobalSection(SolutionConfigurationPlatforms) = preSolution
		Debug|Any CPU = Debug|Any CPU
		Release|Any CPU = Release|Any CPU
	EndGlobalSection
	GlobalSection(ProjectConfigurationPlatforms) = postSolution
		{7A5A3952-0620-44FE-9CB6-84A2AE29861C}.Debug|Any CPU.ActiveCfg = Debug|Any CPU
		{7A5A3952-0620-44FE-9CB6-84A2AE29861C}.Debug|Any CPU.Build.0 = Debug|Any CPU
		{7A5A3952-0620-44FE-9CB6-84A2AE29861C}.Release|Any CPU.ActiveCfg = Release|Any CPU
		{7A5A3952-0620-44FE-9CB6-84A2AE29861C}.Release|Any CPU.Build.0 = Release|Any CPU
	EndGlobalSection
	GlobalSection(SolutionProperties) = preSolution
		HideSolutionNode = FALSE
	EndGlobalSection
	GlobalSection(ExtensibilityGlobals) = postSolution
		SolutionGuid = {650484A4-BCC7-4FB1-8142-EBA2FFAEB091}
	EndGlobalSection
EndGlobal
